
Microsoft Visual Studio Solution File, Format Version 12.00
Project("{FAE04EC0-301F-11D3-BF4B-00C04F79EFBC}") = "blahaj", "blahaj\blahaj.csproj", "{6EC968CE-A4C2-4337-B546-04BFBF3B4C94}"
EndProject
Global
	GlobalSection(SolutionConfigurationPlatforms) = preSolution
		Debug|Any CPU = Debug|Any CPU
		Release|Any CPU = Release|Any CPU
	EndGlobalSection
	GlobalSection(ProjectConfigurationPlatforms) = postSolution
		{6EC968CE-A4C2-4337-B546-04BFBF3B4C94}.Debug|Any CPU.ActiveCfg = Debug|Any CPU
		{6EC968CE-A4C2-4337-B546-04BFBF3B4C94}.Debug|Any CPU.Build.0 = Debug|Any CPU
		{6EC968CE-A4C2-4337-B546-04BFBF3B4C94}.Release|Any CPU.ActiveCfg = Release|Any CPU
		{6EC968CE-A4C2-4337-B546-04BFBF3B4C94}.Release|Any CPU.Build.0 = Release|Any CPU
	EndGlobalSection
EndGlobal
